
Microsoft Visual Studio Solution File, Format Version 12.00
# Visual Studio Version 16
VisualStudioVersion = 16.0.29411.108
MinimumVisualStudioVersion = 10.0.40219.1
Project("{FAE04EC0-301F-11D3-BF4B-00C04F79EFBC}") = "RugbyApp.Android", "RugbyApp\RugbyApp.Android\RugbyApp.Android.csproj", "{B1048BEE-834C-49B2-ADF6-1DD2BA62B37B}"
EndProject
Project("{FAE04EC0-301F-11D3-BF4B-00C04F79EFBC}") = "RugbyApp.iOS", "RugbyApp\RugbyApp.iOS\RugbyApp.iOS.csproj", "{63B14949-C161-4FF9-835B-516785E1F440}"
EndProject
Project("{FAE04EC0-301F-11D3-BF4B-00C04F79EFBC}") = "RugbyApp", "RugbyApp\RugbyApp\RugbyApp.csproj", "{9608151A-0D34-428B-96FA-2DBDE4A376C8}"
EndProject
Global
	GlobalSection(SolutionConfigurationPlatforms) = preSolution
		Debug|Any CPU = Debug|Any CPU
		Debug|iPhone = Debug|iPhone
		Debug|iPhoneSimulator = Debug|iPhoneSimulator
		Release|Any CPU = Release|Any CPU
		Release|iPhone = Release|iPhone
		Release|iPhoneSimulator = Release|iPhoneSimulator
	EndGlobalSection
	GlobalSection(ProjectConfigurationPlatforms) = postSolution
		{B1048BEE-834C-49B2-ADF6-1DD2BA62B37B}.Debug|Any CPU.ActiveCfg = Debug|Any CPU
		{B1048BEE-834C-49B2-ADF6-1DD2BA62B37B}.Debug|Any CPU.Build.0 = Debug|Any CPU
		{B1048BEE-834C-49B2-ADF6-1DD2BA62B37B}.Debug|Any CPU.Deploy.0 = Debug|Any CPU
		{B1048BEE-834C-49B2-ADF6-1DD2BA62B37B}.Debug|iPhone.ActiveCfg = Debug|Any CPU
		{B1048BEE-834C-49B2-ADF6-1DD2BA62B37B}.Debug|iPhone.Build.0 = Debug|Any CPU
		{B1048BEE-834C-49B2-ADF6-1DD2BA62B37B}.Debug|iPhone.Deploy.0 = Debug|Any CPU
		{B1048BEE-834C-49B2-ADF6-1DD2BA62B37B}.Debug|iPhoneSimulator.ActiveCfg = Debug|Any CPU
		{B1048BEE-834C-49B2-ADF6-1DD2BA62B37B}.Debug|iPhoneSimulator.Build.0 = Debug|Any CPU
		{B1048BEE-834C-49B2-ADF6-1DD2BA62B37B}.Debug|iPhoneSimulator.Deploy.0 = Debug|Any CPU
		{B1048BEE-834C-49B2-ADF6-1DD2BA62B37B}.Release|Any CPU.ActiveCfg = Release|Any CPU
		{B1048BEE-834C-49B2-ADF6-1DD2BA62B37B}.Release|Any CPU.Build.0 = Release|Any CPU
		{B1048BEE-834C-49B2-ADF6-1DD2BA62B37B}.Release|Any CPU.Deploy.0 = Release|Any CPU
		{B1048BEE-834C-49B2-ADF6-1DD2BA62B37B}.Release|iPhone.ActiveCfg = Release|Any CPU
		{B1048BEE-834C-49B2-ADF6-1DD2BA62B37B}.Release|iPhone.Build.0 = Release|Any CPU
		{B1048BEE-834C-49B2-ADF6-1DD2BA62B37B}.Release|iPhone.Deploy.0 = Release|Any CPU
		{B1048BEE-834C-49B2-ADF6-1DD2BA62B37B}.Release|iPhoneSimulator.ActiveCfg = Release|Any CPU
		{B1048BEE-834C-49B2-ADF6-1DD2BA62B37B}.Release|iPhoneSimulator.Build.0 = Release|Any CPU
		{B1048BEE-834C-49B2-ADF6-1DD2BA62B37B}.Release|iPhoneSimulator.Deploy.0 = Release|Any CPU
		{63B14949-C161-4FF9-835B-516785E1F440}.Debug|Any CPU.ActiveCfg = Debug|iPhoneSimulator
		{63B14949-C161-4FF9-835B-516785E1F440}.Debug|Any CPU.Build.0 = Debug|iPhoneSimulator
		{63B14949-C161-4FF9-835B-516785E1F440}.Debug|Any CPU.Deploy.0 = Debug|iPhoneSimulator
		{63B14949-C161-4FF9-835B-516785E1F440}.Debug|iPhone.ActiveCfg = Debug|iPhone
		{63B14949-C161-4FF9-835B-516785E1F440}.Debug|iPhone.Build.0 = Debug|iPhone
		{63B14949-C161-4FF9-835B-516785E1F440}.Debug|iPhone.Deploy.0 = Debug|iPhone
		{63B14949-C161-4FF9-835B-516785E1F440}.Debug|iPhoneSimulator.ActiveCfg = Debug|iPhoneSimulator
		{63B14949-C161-4FF9-835B-516785E1F440}.Debug|iPhoneSimulator.Build.0 = Debug|iPhoneSimulator
		{63B14949-C161-4FF9-835B-516785E1F440}.Debug|iPhoneSimulator.Deploy.0 = Debug|iPhoneSimulator
		{63B14949-C161-4FF9-835B-516785E1F440}.Release|Any CPU.ActiveCfg = Release|iPhone
		{63B14949-C161-4FF9-835B-516785E1F440}.Release|Any CPU.Build.0 = Release|iPhone
		{63B14949-C161-4FF9-835B-516785E1F440}.Release|Any CPU.Deploy.0 = Release|iPhone
		{63B14949-C161-4FF9-835B-516785E1F440}.Release|iPhone.ActiveCfg = Release|iPhone
		{63B14949-C161-4FF9-835B-516785E1F440}.Release|iPhone.Build.0 = Release|iPhone
		{63B14949-C161-4FF9-835B-516785E1F440}.Release|iPhone.Deploy.0 = Release|iPhone
		{63B14949-C161-4FF9-835B-516785E1F440}.Release|iPhoneSimulator.ActiveCfg = Release|iPhoneSimulator
		{63B14949-C161-4FF9-835B-516785E1F440}.Release|iPhoneSimulator.Build.0 = Release|iPhoneSimulator
		{63B14949-C161-4FF9-835B-516785E1F440}.Release|iPhoneSimulator.Deploy.0 = Release|iPhoneSimulator
		{9608151A-0D34-428B-96FA-2DBDE4A376C8}.Debug|Any CPU.ActiveCfg = Debug|Any CPU
		{9608151A-0D34-428B-96FA-2DBDE4A376C8}.Debug|Any CPU.Build.0 = Debug|Any CPU
		{9608151A-0D34-428B-96FA-2DBDE4A376C8}.Debug|Any CPU.Deploy.0 = Debug|Any CPU
		{9608151A-0D34-428B-96FA-2DBDE4A376C8}.Debug|iPhone.ActiveCfg = Debug|Any CPU
		{9608151A-0D34-428B-96FA-2DBDE4A376C8}.Debug|iPhone.Build.0 = Debug|Any CPU
		{9608151A-0D34-428B-96FA-2DBDE4A376C8}.Debug|iPhone.Deploy.0 = Debug|Any CPU
		{9608151A-0D34-428B-96FA-2DBDE4A376C8}.Debug|iPhoneSimulator.ActiveCfg = Debug|Any CPU
		{9608151A-0D34-428B-96FA-2DBDE4A376C8}.Debug|iPhoneSimulator.Build.0 = Debug|Any CPU
		{9608151A-0D34-428B-96FA-2DBDE4A376C8}.Debug|iPhoneSimulator.Deploy.0 = Debug|Any CPU
		{9608151A-0D34-428B-96FA-2DBDE4A376C8}.Release|Any CPU.ActiveCfg = Release|Any CPU
		{9608151A-0D34-428B-96FA-2DBDE4A376C8}.Release|Any CPU.Build.0 = Release|Any CPU
		{9608151A-0D34-428B-96FA-2DBDE4A376C8}.Release|Any CPU.Deploy.0 = Release|Any CPU
		{9608151A-0D34-428B-96FA-2DBDE4A376C8}.Release|iPhone.ActiveCfg = Release|Any CPU
		{9608151A-0D34-428B-96FA-2DBDE4A376C8}.Release|iPhone.Build.0 = Release|Any CPU
		{9608151A-0D34-428B-96FA-2DBDE4A376C8}.Release|iPhone.Deploy.0 = Release|Any CPU
		{9608151A-0D34-428B-96FA-2DBDE4A376C8}.Release|iPhoneSimulator.ActiveCfg = Release|Any CPU
		{9608151A-0D34-428B-96FA-2DBDE4A376C8}.Release|iPhoneSimulator.Build.0 = Release|Any CPU
		{9608151A-0D34-428B-96FA-2DBDE4A376C8}.Release|iPhoneSimulator.Deploy.0 = Release|Any CPU
	EndGlobalSection
	GlobalSection(SolutionProperties) = preSolution
		HideSolutionNode = FALSE
	EndGlobalSection
	GlobalSection(ExtensibilityGlobals) = postSolution
		SolutionGuid = {61FFFCDC-D990-4F48-B336-233835E1D192}
	EndGlobalSection
EndGlobal
